
Microsoft Visual Studio Solution File, Format Version 12.00
# Visual Studio 14
VisualStudioVersion = 14.0.25420.1
MinimumVisualStudioVersion = 10.0.40219.1
Project("{FAE04EC0-301F-11D3-BF4B-00C04F79EFBC}") = "Pacman", "Pacman\Pacman.csproj", "{F2A0056E-192A-4CED-9880-B226CFB4E7F2}"
EndProject
Project("{FAE04EC0-301F-11D3-BF4B-00C04F79EFBC}") = "test", "test\test.csproj", "{A0857259-A837-4F56-99BE-FBAC41AD4519}"
EndProject
Global
	GlobalSection(SolutionConfigurationPlatforms) = preSolution
		Debug|Any CPU = Debug|Any CPU
		Release|Any CPU = Release|Any CPU
	EndGlobalSection
	GlobalSection(ProjectConfigurationPlatforms) = postSolution
		{F2A0056E-192A-4CED-9880-B226CFB4E7F2}.Debug|Any CPU.ActiveCfg = Debug|Any CPU
		{F2A0056E-192A-4CED-9880-B226CFB4E7F2}.Debug|Any CPU.Build.0 = Debug|Any CPU
		{F2A0056E-192A-4CED-9880-B226CFB4E7F2}.Release|Any CPU.ActiveCfg = Release|Any CPU
		{F2A0056E-192A-4CED-9880-B226CFB4E7F2}.Release|Any CPU.Build.0 = Release|Any CPU
		{A0857259-A837-4F56-99BE-FBAC41AD4519}.Debug|Any CPU.ActiveCfg = Debug|Any CPU
		{A0857259-A837-4F56-99BE-FBAC41AD4519}.Debug|Any CPU.Build.0 = Debug|Any CPU
		{A0857259-A837-4F56-99BE-FBAC41AD4519}.Release|Any CPU.ActiveCfg = Release|Any CPU
		{A0857259-A837-4F56-99BE-FBAC41AD4519}.Release|Any CPU.Build.0 = Release|Any CPU
	EndGlobalSection
	GlobalSection(SolutionProperties) = preSolution
		HideSolutionNode = FALSE
	EndGlobalSection
EndGlobal
